
Microsoft Visual Studio Solution File, Format Version 12.00
# Visual Studio Version 17
VisualStudioVersion = 17.0.31912.275
MinimumVisualStudioVersion = 10.0.40219.1
Project("{FAE04EC0-301F-11D3-BF4B-00C04F79EFBC}") = "FreeWheelConsoleApp", "FreeWheelConsoleApp.csproj", "{65443236-6AC0-4D86-B8AB-451E187626EC}"
EndProject
Global
	GlobalSection(SolutionConfigurationPlatforms) = preSolution
		Debug|Any CPU = Debug|Any CPU
		Release|Any CPU = Release|Any CPU
	EndGlobalSection
	GlobalSection(ProjectConfigurationPlatforms) = postSolution
		{65443236-6AC0-4D86-B8AB-451E187626EC}.Debug|Any CPU.ActiveCfg = Debug|Any CPU
		{65443236-6AC0-4D86-B8AB-451E187626EC}.Debug|Any CPU.Build.0 = Debug|Any CPU
		{65443236-6AC0-4D86-B8AB-451E187626EC}.Release|Any CPU.ActiveCfg = Release|Any CPU
		{65443236-6AC0-4D86-B8AB-451E187626EC}.Release|Any CPU.Build.0 = Release|Any CPU
	EndGlobalSection
	GlobalSection(SolutionProperties) = preSolution
		HideSolutionNode = FALSE
	EndGlobalSection
	GlobalSection(ExtensibilityGlobals) = postSolution
		SolutionGuid = {94C6B046-4FD2-4AF8-8107-73BE2E1B6797}
	EndGlobalSection
EndGlobal
